// !$*UTF8*$!
{
	archiveVersion = 1;
	classes = {
	};
	objectVersion = 50;
	objects = {

/* Begin PBXBuildFile section */
		75A6E787E8AB0A4F2BC8CFE5 /* Pods_MyPicGallery.framework in Frameworks */ = {isa = PBXBuildFile; fileRef = D6D1B43D1C481227FDC5DC8A /* Pods_MyPicGallery.framework */; };
		DF2ABE7320CC34D40000CC7B /* Photo.swift in Sources */ = {isa = PBXBuildFile; fileRef = DF2ABE7220CC34D40000CC7B /* Photo.swift */; };
		DF6BF2E820C7B70100FFFCAE /* AppDelegate.swift in Sources */ = {isa = PBXBuildFile; fileRef = DF6BF2E720C7B70100FFFCAE /* AppDelegate.swift */; };
		DF6BF2ED20C7B70100FFFCAE /* Main.storyboard in Resources */ = {isa = PBXBuildFile; fileRef = DF6BF2EB20C7B70100FFFCAE /* Main.storyboard */; };
		DF6BF2EF20C7B70200FFFCAE /* Assets.xcassets in Resources */ = {isa = PBXBuildFile; fileRef = DF6BF2EE20C7B70200FFFCAE /* Assets.xcassets */; };
		DF6BF2F220C7B70200FFFCAE /* LaunchScreen.storyboard in Resources */ = {isa = PBXBuildFile; fileRef = DF6BF2F020C7B70200FFFCAE /* LaunchScreen.storyboard */; };
		DF6BF2FA20C7B79B00FFFCAE /* MyPicGalleryCollectionViewController.swift in Sources */ = {isa = PBXBuildFile; fileRef = DF6BF2F920C7B79B00FFFCAE /* MyPicGalleryCollectionViewController.swift */; };
		DFA825C220CD51D70056188B /* Services.swift in Sources */ = {isa = PBXBuildFile; fileRef = DFA825C120CD51D70056188B /* Services.swift */; };
/* End PBXBuildFile section */

/* Begin PBXFileReference section */
		A8AF24A9B31F294A73255AF1 /* Pods-MyPicGallery.release.xcconfig */ = {isa = PBXFileReference; includeInIndex = 1; lastKnownFileType = text.xcconfig; name = "Pods-MyPicGallery.release.xcconfig"; path = "Pods/Target Support Files/Pods-MyPicGallery/Pods-MyPicGallery.release.xcconfig"; sourceTree = "<group>"; };
		CC22AE217A937561A58E114B /* Pods-MyPicGallery.debug.xcconfig */ = {isa = PBXFileReference; includeInIndex = 1; lastKnownFileType = text.xcconfig; name = "Pods-MyPicGallery.debug.xcconfig"; path = "Pods/Target Support Files/Pods-MyPicGallery/Pods-MyPicGallery.debug.xcconfig"; sourceTree = "<group>"; };
		D6D1B43D1C481227FDC5DC8A /* Pods_MyPicGallery.framework */ = {isa = PBXFileReference; explicitFileType = wrapper.framework; includeInIndex = 0; path = Pods_MyPicGallery.framework; sourceTree = BUILT_PRODUCTS_DIR; };
		DF2ABE7220CC34D40000CC7B /* Photo.swift */ = {isa = PBXFileReference; lastKnownFileType = sourcecode.swift; path = Photo.swift; sourceTree = "<group>"; };
		DF6BF2E420C7B70100FFFCAE /* MyPicGallery.app */ = {isa = PBXFileReference; explicitFileType = wrapper.application; includeInIndex = 0; path = MyPicGallery.app; sourceTree = BUILT_PRODUCTS_DIR; };
		DF6BF2E720C7B70100FFFCAE /* AppDelegate.swift */ = {isa = PBXFileReference; lastKnownFileType = sourcecode.swift; path = AppDelegate.swift; sourceTree = "<group>"; };
		DF6BF2EC20C7B70100FFFCAE /* Base */ = {isa = PBXFileReference; lastKnownFileType = file.storyboard; name = Base; path = Base.lproj/Main.storyboard; sourceTree = "<group>"; };
		DF6BF2EE20C7B70200FFFCAE /* Assets.xcassets */ = {isa = PBXFileReference; lastKnownFileType = folder.assetcatalog; path = Assets.xcassets; sourceTree = "<group>"; };
		DF6BF2F120C7B70200FFFCAE /* Base */ = {isa = PBXFileReference; lastKnownFileType = file.storyboard; name = Base; path = Base.lproj/LaunchScreen.storyboard; sourceTree = "<group>"; };
		DF6BF2F320C7B70200FFFCAE /* Info.plist */ = {isa = PBXFileReference; lastKnownFileType = text.plist.xml; path = Info.plist; sourceTree = "<group>"; };
		DF6BF2F920C7B79B00FFFCAE /* MyPicGalleryCollectionViewController.swift */ = {isa = PBXFileReference; lastKnownFileType = sourcecode.swift; path = MyPicGalleryCollectionViewController.swift; sourceTree = "<group>"; };
		DFA825C120CD51D70056188B /* Services.swift */ = {isa = PBXFileReference; lastKnownFileType = sourcecode.swift; path = Services.swift; sourceTree = "<group>"; };
/* End PBXFileReference section */

/* Begin PBXFrameworksBuildPhase section */
		DF6BF2E120C7B70100FFFCAE /* Frameworks */ = {
			isa = PBXFrameworksBuildPhase;
			buildActionMask = 2147483647;
			files = (
				75A6E787E8AB0A4F2BC8CFE5 /* Pods_MyPicGallery.framework in Frameworks */,
			);
			runOnlyForDeploymentPostprocessing = 0;
		};
/* End PBXFrameworksBuildPhase section */

/* Begin PBXGroup section */
		4D262DB6DAD3D102FEFAA7D4 /* Frameworks */ = {
			isa = PBXGroup;
			children = (
				D6D1B43D1C481227FDC5DC8A /* Pods_MyPicGallery.framework */,
			);
			name = Frameworks;
			sourceTree = "<group>";
		};
		ABD3D0E36C153C7A23087EBE /* Pods */ = {
			isa = PBXGroup;
			children = (
				CC22AE217A937561A58E114B /* Pods-MyPicGallery.debug.xcconfig */,
				A8AF24A9B31F294A73255AF1 /* Pods-MyPicGallery.release.xcconfig */,
			);
			name = Pods;
			sourceTree = "<group>";
		};
		DF6BF2DB20C7B70100FFFCAE = {
			isa = PBXGroup;
			children = (
				DF6BF2E620C7B70100FFFCAE /* MyPicGallery */,
				DF6BF2E520C7B70100FFFCAE /* Products */,
				ABD3D0E36C153C7A23087EBE /* Pods */,
				4D262DB6DAD3D102FEFAA7D4 /* Frameworks */,
			);
			sourceTree = "<group>";
		};
		DF6BF2E520C7B70100FFFCAE /* Products */ = {
			isa = PBXGroup;
			children = (
				DF6BF2E420C7B70100FFFCAE /* MyPicGallery.app */,
			);
			name = Products;
			sourceTree = "<group>";
		};
		DF6BF2E620C7B70100FFFCAE /* MyPicGallery */ = {
			isa = PBXGroup;
			children = (
				DF6BF2E720C7B70100FFFCAE /* AppDelegate.swift */,
				DF6BF2F920C7B79B00FFFCAE /* MyPicGalleryCollectionViewController.swift */,
				DF6BF2EB20C7B70100FFFCAE /* Main.storyboard */,
				DF6BF2EE20C7B70200FFFCAE /* Assets.xcassets */,
				DF6BF2F020C7B70200FFFCAE /* LaunchScreen.storyboard */,
				DF6BF2F320C7B70200FFFCAE /* Info.plist */,
				DF2ABE7220CC34D40000CC7B /* Photo.swift */,
				DFA825C120CD51D70056188B /* Services.swift */,
			);
			path = MyPicGallery;
			sourceTree = "<group>";
		};
/* End PBXGroup section */

/* Begin PBXNativeTarget section */
		DF6BF2E320C7B70100FFFCAE /* MyPicGallery */ = {
			isa = PBXNativeTarget;
			buildConfigurationList = DF6BF2F620C7B70200FFFCAE /* Build configuration list for PBXNativeTarget "MyPicGallery" */;
			buildPhases = (
				EB88595B0FA9EC75CE0009B6 /* [CP] Check Pods Manifest.lock */,
				DF6BF2E020C7B70100FFFCAE /* Sources */,
				DF6BF2E120C7B70100FFFCAE /* Frameworks */,
				DF6BF2E220C7B70100FFFCAE /* Resources */,
				3607F901F02FD30944BD1D74 /* [CP] Embed Pods Frameworks */,
				CF90549679E7ECE87B3010DE /* [CP] Copy Pods Resources */,
			);
			buildRules = (
			);
			dependencies = (
			);
			name = MyPicGallery;
			productName = MyPicGallery;
			productReference = DF6BF2E420C7B70100FFFCAE /* MyPicGallery.app */;
			productType = "com.apple.product-type.application";
		};
/* End PBXNativeTarget section */

/* Begin PBXProject section */
		DF6BF2DC20C7B70100FFFCAE /* Project object */ = {
			isa = PBXProject;
			attributes = {
				LastSwiftUpdateCheck = 0940;
				LastUpgradeCheck = 0940;
				ORGANIZATIONNAME = "Liyana Roslie";
				TargetAttributes = {
					DF6BF2E320C7B70100FFFCAE = {
						CreatedOnToolsVersion = 9.4;
					};
				};
			};
			buildConfigurationList = DF6BF2DF20C7B70100FFFCAE /* Build configuration list for PBXProject "MyPicGallery" */;
			compatibilityVersion = "Xcode 9.3";
			developmentRegion = en;
			hasScannedForEncodings = 0;
			knownRegions = (
				en,
				Base,
			);
			mainGroup = DF6BF2DB20C7B70100FFFCAE;
			productRefGroup = DF6BF2E520C7B70100FFFCAE /* Products */;
			projectDirPath = "";
			projectRoot = "";
			targets = (
				DF6BF2E320C7B70100FFFCAE /* MyPicGallery */,
			);
		};
/* End PBXProject section */

/* Begin PBXResourcesBuildPhase section */
		DF6BF2E220C7B70100FFFCAE /* Resources */ = {
			isa = PBXResourcesBuildPhase;
			buildActionMask = 2147483647;
			files = (
				DF6BF2F220C7B70200FFFCAE /* LaunchScreen.storyboard in Resources */,
				DF6BF2EF20C7B70200FFFCAE /* Assets.xcassets in Resources */,
				DF6BF2ED20C7B70100FFFCAE /* Main.storyboard in Resources */,
			);
			runOnlyForDeploymentPostprocessing = 0;
		};
/* End PBXResourcesBuildPhase section */

/* Begin PBXShellScriptBuildPhase section */
		3607F901F02FD30944BD1D74 /* [CP] Embed Pods Frameworks */ = {
			isa = PBXShellScriptBuildPhase;
			buildActionMask = 2147483647;
			files = (
			);
			inputPaths = (
				"${SRCROOT}/Pods/Target Support Files/Pods-MyPicGallery/Pods-MyPicGallery-frameworks.sh",
				"${BUILT_PRODUCTS_DIR}/Alamofire/Alamofire.framework",
				"${BUILT_PRODUCTS_DIR}/Haneke/Haneke.framework",
				"${BUILT_PRODUCTS_DIR}/SwiftyJSON/SwiftyJSON.framework",
			);
			name = "[CP] Embed Pods Frameworks";
			outputPaths = (
				"${TARGET_BUILD_DIR}/${FRAMEWORKS_FOLDER_PATH}/Alamofire.framework",
				"${TARGET_BUILD_DIR}/${FRAMEWORKS_FOLDER_PATH}/Haneke.framework",
				"${TARGET_BUILD_DIR}/${FRAMEWORKS_FOLDER_PATH}/SwiftyJSON.framework",
			);
			runOnlyForDeploymentPostprocessing = 0;
			shellPath = /bin/sh;
			shellScript = "\"${SRCROOT}/Pods/Target Support Files/Pods-MyPicGallery/Pods-MyPicGallery-frameworks.sh\"\n";
			showEnvVarsInLog = 0;
		};
		CF90549679E7ECE87B3010DE /* [CP] Copy Pods Resources */ = {
			isa = PBXShellScriptBuildPhase;
			buildActionMask = 2147483647;
			files = (
			);
			inputPaths = (
			);
			name = "[CP] Copy Pods Resources";
			outputPaths = (
			);
			runOnlyForDeploymentPostprocessing = 0;
			shellPath = /bin/sh;
			shellScript = "\"${SRCROOT}/Pods/Target Support Files/Pods-MyPicGallery/Pods-MyPicGallery-resources.sh\"\n";
			showEnvVarsInLog = 0;
		};
		EB88595B0FA9EC75CE0009B6 /* [CP] Check Pods Manifest.lock */ = {
			isa = PBXShellScriptBuildPhase;
			buildActionMask = 2147483647;
			files = (
			);
			inputPaths = (
				"${PODS_PODFILE_DIR_PATH}/Podfile.lock",
				"${PODS_ROOT}/Manifest.lock",
			);
			name = "[CP] Check Pods Manifest.lock";
			outputPaths = (
				"$(DERIVED_FILE_DIR)/Pods-MyPicGallery-checkManifestLockResult.txt",
			);
			runOnlyForDeploymentPostprocessing = 0;
			shellPath = /bin/sh;
			shellScript = "diff \"${PODS_PODFILE_DIR_PATH}/Podfile.lock\" \"${PODS_ROOT}/Manifest.lock\" > /dev/null\nif [ $? != 0 ] ; then\n    # print error to STDERR\n    echo \"error: The sandbox is not in sync with the Podfile.lock. Run 'pod install' or update your CocoaPods installation.\" >&2\n    exit 1\nfi\n# This output is used by Xcode 'outputs' to avoid re-running this script phase.\necho \"SUCCESS\" > \"${SCRIPT_OUTPUT_FILE_0}\"\n";
			showEnvVarsInLog = 0;
		};
/* End PBXShellScriptBuildPhase section */

/* Begin PBXSourcesBuildPhase section */
		DF6BF2E020C7B70100FFFCAE /* Sources */ = {
			isa = PBXSourcesBuildPhase;
			buildActionMask = 2147483647;
			files = (
				DF2ABE7320CC34D40000CC7B /* Photo.swift in Sources */,
				DFA825C220CD51D70056188B /* Services.swift in Sources */,
				DF6BF2FA20C7B79B00FFFCAE /* MyPicGalleryCollectionViewController.swift in Sources */,
				DF6BF2E820C7B70100FFFCAE /* AppDelegate.swift in Sources */,
			);
			runOnlyForDeploymentPostprocessing = 0;
		};
/* End PBXSourcesBuildPhase section */

/* Begin PBXVariantGroup section */
		DF6BF2EB20C7B70100FFFCAE /* Main.storyboard */ = {
			isa = PBXVariantGroup;
			children = (
				DF6BF2EC20C7B70100FFFCAE /* Base */,
			);
			name = Main.storyboard;
			sourceTree = "<group>";
		};
		DF6BF2F020C7B70200FFFCAE /* LaunchScreen.storyboard */ = {
			isa = PBXVariantGroup;
			children = (
				DF6BF2F120C7B70200FFFCAE /* Base */,
			);
			name = LaunchScreen.storyboard;
			sourceTree = "<group>";
		};
/* End PBXVariantGroup section */

/* Begin XCBuildConfiguration section */
		DF6BF2F420C7B70200FFFCAE /* Debug */ = {
			isa = XCBuildConfiguration;
			buildSettings = {
				ALWAYS_SEARCH_USER_PATHS = NO;
				CLANG_ANALYZER_NONNULL = YES;
				CLANG_ANALYZER_NUMBER_OBJECT_CONVERSION = YES_AGGRESSIVE;
				CLANG_CXX_LANGUAGE_STANDARD = "gnu++14";
				CLANG_CXX_LIBRARY = "libc++";
				CLANG_ENABLE_MODULES = YES;
				CLANG_ENABLE_OBJC_ARC = YES;
				CLANG_ENABLE_OBJC_WEAK = YES;
				CLANG_WARN_BLOCK_CAPTURE_AUTORELEASING = YES;
				CLANG_WARN_BOOL_CONVERSION = YES;
				CLANG_WARN_COMMA = YES;
				CLANG_WARN_CONSTANT_CONVERSION = YES;
				CLANG_WARN_DEPRECATED_OBJC_IMPLEMENTATIONS = YES;
				CLANG_WARN_DIRECT_OBJC_ISA_USAGE = YES_ERROR;
				CLANG_WARN_DOCUMENTATION_COMMENTS = YES;
				CLANG_WARN_EMPTY_BODY = YES;
				CLANG_WARN_ENUM_CONVERSION = YES;
				CLANG_WARN_INFINITE_RECURSION = YES;
				CLANG_WARN_INT_CONVERSION = YES;
				CLANG_WARN_NON_LITERAL_NULL_CONVERSION = YES;
				CLANG_WARN_OBJC_IMPLICIT_RETAIN_SELF = YES;
				CLANG_WARN_OBJC_LITERAL_CONVERSION = YES;
				CLANG_WARN_OBJC_ROOT_CLASS = YES_ERROR;
				CLANG_WARN_RANGE_LOOP_ANALYSIS = YES;
				CLANG_WARN_STRICT_PROTOTYPES = YES;
				CLANG_WARN_SUSPICIOUS_MOVE = YES;
				CLANG_WARN_UNGUARDED_AVAILABILITY = YES_AGGRESSIVE;
				CLANG_WARN_UNREACHABLE_CODE = YES;
				CLANG_WARN__DUPLICATE_METHOD_MATCH = YES;
				CODE_SIGN_IDENTITY = "iPhone Developer";
				COPY_PHASE_STRIP = NO;
				DEBUG_INFORMATION_FORMAT = dwarf;
				ENABLE_STRICT_OBJC_MSGSEND = YES;
				ENABLE_TESTABILITY = YES;
				GCC_C_LANGUAGE_STANDARD = gnu11;
				GCC_DYNAMIC_NO_PIC = NO;
				GCC_NO_COMMON_BLOCKS = YES;
				GCC_OPTIMIZATION_LEVEL = 0;
				GCC_PREPROCESSOR_DEFINITIONS = (
					"DEBUG=1",
					"$(inherited)",
				);
				GCC_WARN_64_TO_32_BIT_CONVERSION = YES;
				GCC_WARN_ABOUT_RETURN_TYPE = YES_ERROR;
				GCC_WARN_UNDECLARED_SELECTOR = YES;
				GCC_WARN_UNINITIALIZED_AUTOS = YES_AGGRESSIVE;
				GCC_WARN_UNUSED_FUNCTION = YES;
				GCC_WARN_UNUSED_VARIABLE = YES;
				IPHONEOS_DEPLOYMENT_TARGET = 11.4;
				MTL_ENABLE_DEBUG_INFO = YES;
				ONLY_ACTIVE_ARCH = YES;
				SDKROOT = iphoneos;
				SWIFT_ACTIVE_COMPILATION_CONDITIONS = DEBUG;
				SWIFT_OPTIMIZATION_LEVEL = "-Onone";
			};
			name = Debug;
		};
		DF6BF2F520C7B70200FFFCAE /* Release */ = {
			isa = XCBuildConfiguration;
			buildSettings = {
				ALWAYS_SEARCH_USER_PATHS = NO;
				CLANG_ANALYZER_NONNULL = YES;
				CLANG_ANALYZER_NUMBER_OBJECT_CONVERSION = YES_AGGRESSIVE;
				CLANG_CXX_LANGUAGE_STANDARD = "gnu++14";
				CLANG_CXX_LIBRARY = "libc++";
				CLANG_ENABLE_MODULES = YES;
				CLANG_ENABLE_OBJC_ARC = YES;
				CLANG_ENABLE_OBJC_WEAK = YES;
				CLANG_WARN_BLOCK_CAPTURE_AUTORELEASING = YES;
				CLANG_WARN_BOOL_CONVERSION = YES;
				CLANG_WARN_COMMA = YES;
				CLANG_WARN_CONSTANT_CONVERSION = YES;
				CLANG_WARN_DEPRECATED_OBJC_IMPLEMENTATIONS = YES;
				CLANG_WARN_DIRECT_OBJC_ISA_USAGE = YES_ERROR;
				CLANG_WARN_DOCUMENTATION_COMMENTS = YES;
				CLANG_WARN_EMPTY_BODY = YES;
				CLANG_WARN_ENUM_CONVERSION = YES;
				CLANG_WARN_INFINITE_RECURSION = YES;
				CLANG_WARN_INT_CONVERSION = YES;
				CLANG_WARN_NON_LITERAL_NULL_CONVERSION = YES;
				CLANG_WARN_OBJC_IMPLICIT_RETAIN_SELF = YES;
				CLANG_WARN_OBJC_LITERAL_CONVERSION = YES;
				CLANG_WARN_OBJC_ROOT_CLASS = YES_ERROR;
				CLANG_WARN_RANGE_LOOP_ANALYSIS = YES;
				CLANG_WARN_STRICT_PROTOTYPES = YES;
				CLANG_WARN_SUSPICIOUS_MOVE = YES;
				CLANG_WARN_UNGUARDED_AVAILABILITY = YES_AGGRESSIVE;
				CLANG_WARN_UNREACHABLE_CODE = YES;
				CLANG_WARN__DUPLICATE_METHOD_MATCH = YES;
				CODE_SIGN_IDENTITY = "iPhone Developer";
				COPY_PHASE_STRIP = NO;
				DEBUG_INFORMATION_FORMAT = "dwarf-with-dsym";
				ENABLE_NS_ASSERTIONS = NO;
				ENABLE_STRICT_OBJC_MSGSEND = YES;
				GCC_C_LANGUAGE_STANDARD = gnu11;
				GCC_NO_COMMON_BLOCKS = YES;
				GCC_WARN_64_TO_32_BIT_CONVERSION = YES;
				GCC_WARN_ABOUT_RETURN_TYPE = YES_ERROR;
				GCC_WARN_UNDECLARED_SELECTOR = YES;
				GCC_WARN_UNINITIALIZED_AUTOS = YES_AGGRESSIVE;
				GCC_WARN_UNUSED_FUNCTION = YES;
				GCC_WARN_UNUSED_VARIABLE = YES;
				IPHONEOS_DEPLOYMENT_TARGET = 11.4;
				MTL_ENABLE_DEBUG_INFO = NO;
				SDKROOT = iphoneos;
				SWIFT_COMPILATION_MODE = wholemodule;
				SWIFT_OPTIMIZATION_LEVEL = "-O";
				VALIDATE_PRODUCT = YES;
			};
			name = Release;
		};
		DF6BF2F720C7B70200FFFCAE /* Debug */ = {
			isa = XCBuildConfiguration;
			baseConfigurationReference = CC22AE217A937561A58E114B /* Pods-MyPicGallery.debug.xcconfig */;
			buildSettings = {
				ASSETCATALOG_COMPILER_APPICON_NAME = AppIcon;
				CODE_SIGN_STYLE = Automatic;
				DEVELOPMENT_TEAM = GTN529NYG3;
				INFOPLIST_FILE = MyPicGallery/Info.plist;
				IPHONEOS_DEPLOYMENT_TARGET = 11.3;
				LD_RUNPATH_SEARCH_PATHS = (
					"$(inherited)",
					"@executable_path/Frameworks",
				);
				PRODUCT_BUNDLE_IDENTIFIER = lr.MyPicGallery;
				PRODUCT_NAME = "$(TARGET_NAME)";
				SWIFT_VERSION = 4.0;
				TARGETED_DEVICE_FAMILY = "1,2";
			};
			name = Debug;
		};
		DF6BF2F820C7B70200FFFCAE /* Release */ = {
			isa = XCBuildConfiguration;
			baseConfigurationReference = A8AF24A9B31F294A73255AF1 /* Pods-MyPicGallery.release.xcconfig */;
			buildSettings = {
				ASSETCATALOG_COMPILER_APPICON_NAME = AppIcon;
				CODE_SIGN_STYLE = Automatic;
				DEVELOPMENT_TEAM = GTN529NYG3;
				INFOPLIST_FILE = MyPicGallery/Info.plist;
				IPHONEOS_DEPLOYMENT_TARGET = 11.3;
				LD_RUNPATH_SEARCH_PATHS = (
					"$(inherited)",
					"@executable_path/Frameworks",
				);
				PRODUCT_BUNDLE_IDENTIFIER = lr.MyPicGallery;
				PRODUCT_NAME = "$(TARGET_NAME)";
				SWIFT_VERSION = 4.0;
				TARGETED_DEVICE_FAMILY = "1,2";
			};
			name = Release;
		};
/* End XCBuildConfiguration section */

/* Begin XCConfigurationList section */
		DF6BF2DF20C7B70100FFFCAE /* Build configuration list for PBXProject "MyPicGallery" */ = {
			isa = XCConfigurationList;
			buildConfigurations = (
				DF6BF2F420C7B70200FFFCAE /* Debug */,
				DF6BF2F520C7B70200FFFCAE /* Release */,
			);
			defaultConfigurationIsVisible = 0;
			defaultConfigurationName = Release;
		};
		DF6BF2F620C7B70200FFFCAE /* Build configuration list for PBXNativeTarget "MyPicGallery" */ = {
			isa = XCConfigurationList;
			buildConfigurations = (
				DF6BF2F720C7B70200FFFCAE /* Debug */,
				DF6BF2F820C7B70200FFFCAE /* Release */,
			);
			defaultConfigurationIsVisible = 0;
			defaultConfigurationName = Release;
		};
/* End XCConfigurationList section */
	};
	rootObject = DF6BF2DC20C7B70100FFFCAE /* Project object */;
}
